<?xml version="1.0" encoding="utf-8"?>
<Project ToolsVersion="4.0" xmlns="http://schemas.microsoft.com/developer/msbuild/2003">
  <ItemGroup>
    <Filter Include="Source Files">
      <UniqueIdentifier>{2f182a52-eb25-4e89-846c-64d901289293}</UniqueIdentifier>
      <Extensions>cpp;c;cxx;rc;def;r;odl;idl;hpj;bat</Extensions>
    </Filter>
    <Filter Include="Header Files">
      <UniqueIdentifier>{c7b35931-db7d-4f92-9186-0c21a4f405e7}</UniqueIdentifier>
      <Extensions>h;hpp;hxx;hm;inl</Extensions>
    </Filter>
    <Filter Include="Resource Files">
      <UniqueIdentifier>{ddd78984-5d08-4806-8d62-d0d2713db18b}</UniqueIdentifier>
      <Extensions>ico;cur;bmp;dlg;rc2;rct;bin;rgs;gif;jpg;jpeg;jpe</Extensions>
    </Filter>
  </ItemGroup>
  <ItemGroup>
    <ClCompile Include="Copydlg.cpp">
      <Filter>Source Files</Filter>
    </ClCompile>
    <ClCompile Include="CPdlg.cpp">
      <Filter>Source Files</Filter>
    </ClCompile>
    <ClCompile Include="Diancaidlg.cpp">
      <Filter>Source Files</Filter>
    </ClCompile>
    <ClCompile Include="JHselect.cpp">
      <Filter>Source Files</Filter>
    </ClCompile>
    <ClCompile Include="Jiacaidlg.cpp">
      <Filter>Source Files</Filter>
    </ClCompile>
    <ClCompile Include="Jiezhangdlg.cpp">
      <Filter>Source Files</Filter>
    </ClCompile>
    <ClCompile Include="Jinhuodlg.cpp">
      <Filter>Source Files</Filter>
    </ClCompile>
    <ClCompile Include="Jinhuoselect.cpp">
      <Filter>Source Files</Filter>
    </ClCompile>
    <ClCompile Include="Kaitaidlg.cpp">
      <Filter>Source Files</Filter>
    </ClCompile>
    <ClCompile Include="Logindlg.cpp">
      <Filter>Source Files</Filter>
    </ClCompile>
    <ClCompile Include="Quanxiandlg.cpp">
      <Filter>Source Files</Filter>
    </ClCompile>
    <ClCompile Include="Rcxdlg.cpp">
      <Filter>Source Files</Filter>
    </ClCompile>
    <ClCompile Include="Returndlg.cpp">
      <Filter>Source Files</Filter>
    </ClCompile>
    <ClCompile Include="SLdlg.cpp">
      <Filter>Source Files</Filter>
    </ClCompile>
    <ClCompile Include="SpInfo.cpp">
      <Filter>Source Files</Filter>
    </ClCompile>
    <ClCompile Include="StdAfx.cpp">
      <Filter>Source Files</Filter>
    </ClCompile>
    <ClCompile Include="Ycxdlg.cpp">
      <Filter>Source Files</Filter>
    </ClCompile>
    <ClCompile Include="Zhucedlg.cpp">
      <Filter>Source Files</Filter>
    </ClCompile>
    <ClCompile Include="餐饮管理.cpp">
      <Filter>Source Files</Filter>
    </ClCompile>
    <ClCompile Include="餐饮管理Dlg.cpp">
      <Filter>Source Files</Filter>
    </ClCompile>
  </ItemGroup>
  <ItemGroup>
    <ResourceCompile Include="餐饮管理.rc">
      <Filter>Source Files</Filter>
    </ResourceCompile>
  </ItemGroup>
  <ItemGroup>
    <ClInclude Include="Copydlg.h">
      <Filter>Header Files</Filter>
    </ClInclude>
    <ClInclude Include="CPdlg.h">
      <Filter>Header Files</Filter>
    </ClInclude>
    <ClInclude Include="Diancaidlg.h">
      <Filter>Header Files</Filter>
    </ClInclude>
    <ClInclude Include="JHselect.h">
      <Filter>Header Files</Filter>
    </ClInclude>
    <ClInclude Include="Jiacaidlg.h">
      <Filter>Header Files</Filter>
    </ClInclude>
    <ClInclude Include="Jiezhangdlg.h">
      <Filter>Header Files</Filter>
    </ClInclude>
    <ClInclude Include="Jinhuodlg.h">
      <Filter>Header Files</Filter>
    </ClInclude>
    <ClInclude Include="Jinhuoselect.h">
      <Filter>Header Files</Filter>
    </ClInclude>
    <ClInclude Include="Kaitaidlg.h">
      <Filter>Header Files</Filter>
    </ClInclude>
    <ClInclude Include="Logindlg.h">
      <Filter>Header Files</Filter>
    </ClInclude>
    <ClInclude Include="Quanxiandlg.h">
      <Filter>Header Files</Filter>
    </ClInclude>
    <ClInclude Include="Rcxdlg.h">
      <Filter>Header Files</Filter>
    </ClInclude>
    <ClInclude Include="Resource.h">
      <Filter>Header Files</Filter>
    </ClInclude>
    <ClInclude Include="Returndlg.h">
      <Filter>Header Files</Filter>
    </ClInclude>
    <ClInclude Include="SLdlg.h">
      <Filter>Header Files</Filter>
    </ClInclude>
    <ClInclude Include="SpInfo.h">
      <Filter>Header Files</Filter>
    </ClInclude>
    <ClInclude Include="StdAfx.h">
      <Filter>Header Files</Filter>
    </ClInclude>
    <ClInclude Include="Ycxdlg.h">
      <Filter>Header Files</Filter>
    </ClInclude>
    <ClInclude Include="Zhucedlg.h">
      <Filter>Header Files</Filter>
    </ClInclude>
    <ClInclude Include="餐饮管理.h">
      <Filter>Header Files</Filter>
    </ClInclude>
    <ClInclude Include="餐饮管理Dlg.h">
      <Filter>Header Files</Filter>
    </ClInclude>
  </ItemGroup>
  <ItemGroup>
    <Image Include="res\142.ico">
      <Filter>Resource Files</Filter>
    </Image>
    <Image Include="res\167.ico">
      <Filter>Resource Files</Filter>
    </Image>
    <Image Include="res\17.ico">
      <Filter>Resource Files</Filter>
    </Image>
    <Image Include="res\171.ico">
      <Filter>Resource Files</Filter>
    </Image>
    <Image Include="res\2.ico">
      <Filter>Resource Files</Filter>
    </Image>
    <Image Include="res\3.bmp">
      <Filter>Resource Files</Filter>
    </Image>
    <Image Include="res\33.ico">
      <Filter>Resource Files</Filter>
    </Image>
    <Image Include="res\42.ico">
      <Filter>Resource Files</Filter>
    </Image>
    <Image Include="res\57.ico">
      <Filter>Resource Files</Filter>
    </Image>
    <Image Include="res\61.ico">
      <Filter>Resource Files</Filter>
    </Image>
    <Image Include="res\66.ico">
      <Filter>Resource Files</Filter>
    </Image>
    <Image Include="res\71.ico">
      <Filter>Resource Files</Filter>
    </Image>
    <Image Include="res\82.ico">
      <Filter>Resource Files</Filter>
    </Image>
    <Image Include="res\91.ico">
      <Filter>Resource Files</Filter>
    </Image>
    <Image Include="res\b.bmp">
      <Filter>Resource Files</Filter>
    </Image>
    <Image Include="res\background1.bmp">
      <Filter>Resource Files</Filter>
    </Image>
    <Image Include="res\icon1.ico">
      <Filter>Resource Files</Filter>
    </Image>
    <Image Include="res\login.bmp">
      <Filter>Resource Files</Filter>
    </Image>
    <Image Include="res\toolbar1.bmp">
      <Filter>Resource Files</Filter>
    </Image>
    <Image Include="res\餐饮管理.ico">
      <Filter>Resource Files</Filter>
    </Image>
    <Image Include="res\普通登录1.bmp">
      <Filter>Resource Files</Filter>
    </Image>
  </ItemGroup>
  <ItemGroup>
    <Text Include="ReadMe.txt" />
  </ItemGroup>
  <ItemGroup>
    <CustomBuild Include="res\餐饮管理.rc2">
      <Filter>Resource Files</Filter>
    </CustomBuild>
  </ItemGroup>
</Project>